
Microsoft Visual Studio Solution File, Format Version 11.00
# Visual Studio 2010
Project("{FAE04EC0-301F-11D3-BF4B-00C04F79EFBC}") = "KlasePodataka", "KlasePodataka\KlasePodataka.csproj", "{DECFED39-3411-49E5-B5B6-9EB9A9B1E2BB}"
EndProject
Global
	GlobalSection(SolutionConfigurationPlatforms) = preSolution
		Debug|Any CPU = Debug|Any CPU
		Release|Any CPU = Release|Any CPU
	EndGlobalSection
	GlobalSection(ProjectConfigurationPlatforms) = postSolution
		{DECFED39-3411-49E5-B5B6-9EB9A9B1E2BB}.Debug|Any CPU.ActiveCfg = Debug|Any CPU
		{DECFED39-3411-49E5-B5B6-9EB9A9B1E2BB}.Debug|Any CPU.Build.0 = Debug|Any CPU
		{DECFED39-3411-49E5-B5B6-9EB9A9B1E2BB}.Release|Any CPU.ActiveCfg = Release|Any CPU
		{DECFED39-3411-49E5-B5B6-9EB9A9B1E2BB}.Release|Any CPU.Build.0 = Release|Any CPU
	EndGlobalSection
	GlobalSection(SolutionProperties) = preSolution
		HideSolutionNode = FALSE
	EndGlobalSection
EndGlobal
